
Microsoft Visual Studio Solution File, Format Version 12.00
# Visual Studio Version 16
VisualStudioVersion = 16.0.31702.278
MinimumVisualStudioVersion = 10.0.40219.1
Project("{FAE04EC0-301F-11D3-BF4B-00C04F79EFBC}") = "AuctionHouse.API", "AuctionHouse.API\AuctionHouse.API.csproj", "{405E3979-20B5-4FEB-A5BE-CD4D6FE1FA0D}"
EndProject
Global
	GlobalSection(SolutionConfigurationPlatforms) = preSolution
		Debug|Any CPU = Debug|Any CPU
		Release|Any CPU = Release|Any CPU
	EndGlobalSection
	GlobalSection(ProjectConfigurationPlatforms) = postSolution
		{405E3979-20B5-4FEB-A5BE-CD4D6FE1FA0D}.Debug|Any CPU.ActiveCfg = Debug|Any CPU
		{405E3979-20B5-4FEB-A5BE-CD4D6FE1FA0D}.Debug|Any CPU.Build.0 = Debug|Any CPU
		{405E3979-20B5-4FEB-A5BE-CD4D6FE1FA0D}.Release|Any CPU.ActiveCfg = Release|Any CPU
		{405E3979-20B5-4FEB-A5BE-CD4D6FE1FA0D}.Release|Any CPU.Build.0 = Release|Any CPU
	EndGlobalSection
	GlobalSection(SolutionProperties) = preSolution
		HideSolutionNode = FALSE
	EndGlobalSection
	GlobalSection(ExtensibilityGlobals) = postSolution
		SolutionGuid = {E2373A36-F3E3-4B44-820B-9AC95EF82DB1}
	EndGlobalSection
EndGlobal
